// !$*UTF8*$!
{
	archiveVersion = 1;
	classes = {
	};
	objectVersion = 46;
	objects = {

/* Begin PBXBuildFile section */
		9479AFC71AEBABA500090C9C /* AppDelegate.swift in Sources */ = {isa = PBXBuildFile; fileRef = 9479AFC61AEBABA500090C9C /* AppDelegate.swift */; };
		9479AFC91AEBABA500090C9C /* ViewController.swift in Sources */ = {isa = PBXBuildFile; fileRef = 9479AFC81AEBABA500090C9C /* ViewController.swift */; };
		9479AFCC1AEBABA500090C9C /* Main.storyboard in Resources */ = {isa = PBXBuildFile; fileRef = 9479AFCA1AEBABA500090C9C /* Main.storyboard */; };
		9479AFCE1AEBABA500090C9C /* Images.xcassets in Resources */ = {isa = PBXBuildFile; fileRef = 9479AFCD1AEBABA500090C9C /* Images.xcassets */; };
		9479AFD11AEBABA500090C9C /* LaunchScreen.xib in Resources */ = {isa = PBXBuildFile; fileRef = 9479AFCF1AEBABA500090C9C /* LaunchScreen.xib */; };
		9479AFDD1AEBABA500090C9C /* SobrKit_Example_AppTests.swift in Sources */ = {isa = PBXBuildFile; fileRef = 9479AFDC1AEBABA500090C9C /* SobrKit_Example_AppTests.swift */; };
/* End PBXBuildFile section */

/* Begin PBXContainerItemProxy section */
		9479AFD71AEBABA500090C9C /* PBXContainerItemProxy */ = {
			isa = PBXContainerItemProxy;
			containerPortal = 9479AFB91AEBABA500090C9C /* Project object */;
			proxyType = 1;
			remoteGlobalIDString = 9479AFC01AEBABA500090C9C;
			remoteInfo = "SobrKit Example App";
		};
/* End PBXContainerItemProxy section */

/* Begin PBXFileReference section */
		9479AFC11AEBABA500090C9C /* SobrKit Example App.app */ = {isa = PBXFileReference; explicitFileType = wrapper.application; includeInIndex = 0; path = "SobrKit Example App.app"; sourceTree = BUILT_PRODUCTS_DIR; };
		9479AFC51AEBABA500090C9C /* Info.plist */ = {isa = PBXFileReference; lastKnownFileType = text.plist.xml; path = Info.plist; sourceTree = "<group>"; };
		9479AFC61AEBABA500090C9C /* AppDelegate.swift */ = {isa = PBXFileReference; lastKnownFileType = sourcecode.swift; path = AppDelegate.swift; sourceTree = "<group>"; };
		9479AFC81AEBABA500090C9C /* ViewController.swift */ = {isa = PBXFileReference; lastKnownFileType = sourcecode.swift; path = ViewController.swift; sourceTree = "<group>"; };
		9479AFCB1AEBABA500090C9C /* Base */ = {isa = PBXFileReference; lastKnownFileType = file.storyboard; name = Base; path = Base.lproj/Main.storyboard; sourceTree = "<group>"; };
		9479AFCD1AEBABA500090C9C /* Images.xcassets */ = {isa = PBXFileReference; lastKnownFileType = folder.assetcatalog; path = Images.xcassets; sourceTree = "<group>"; };
		9479AFD01AEBABA500090C9C /* Base */ = {isa = PBXFileReference; lastKnownFileType = file.xib; name = Base; path = Base.lproj/LaunchScreen.xib; sourceTree = "<group>"; };
		9479AFD61AEBABA500090C9C /* SobrKit Example AppTests.xctest */ = {isa = PBXFileReference; explicitFileType = wrapper.cfbundle; includeInIndex = 0; path = "SobrKit Example AppTests.xctest"; sourceTree = BUILT_PRODUCTS_DIR; };
		9479AFDB1AEBABA500090C9C /* Info.plist */ = {isa = PBXFileReference; lastKnownFileType = text.plist.xml; path = Info.plist; sourceTree = "<group>"; };
		9479AFDC1AEBABA500090C9C /* SobrKit_Example_AppTests.swift */ = {isa = PBXFileReference; lastKnownFileType = sourcecode.swift; path = SobrKit_Example_AppTests.swift; sourceTree = "<group>"; };
/* End PBXFileReference section */

/* Begin PBXFrameworksBuildPhase section */
		9479AFBE1AEBABA500090C9C /* Frameworks */ = {
			isa = PBXFrameworksBuildPhase;
			buildActionMask = 2147483647;
			files = (
			);
			runOnlyForDeploymentPostprocessing = 0;
		};
		9479AFD31AEBABA500090C9C /* Frameworks */ = {
			isa = PBXFrameworksBuildPhase;
			buildActionMask = 2147483647;
			files = (
			);
			runOnlyForDeploymentPostprocessing = 0;
		};
/* End PBXFrameworksBuildPhase section */

/* Begin PBXGroup section */
		9479AFB81AEBABA500090C9C = {
			isa = PBXGroup;
			children = (
				9479AFC31AEBABA500090C9C /* SobrKit Example App */,
				9479AFD91AEBABA500090C9C /* SobrKit Example AppTests */,
				9479AFC21AEBABA500090C9C /* Products */,
			);
			sourceTree = "<group>";
		};
		9479AFC21AEBABA500090C9C /* Products */ = {
			isa = PBXGroup;
			children = (
				9479AFC11AEBABA500090C9C /* SobrKit Example App.app */,
				9479AFD61AEBABA500090C9C /* SobrKit Example AppTests.xctest */,
			);
			name = Products;
			sourceTree = "<group>";
		};
		9479AFC31AEBABA500090C9C /* SobrKit Example App */ = {
			isa = PBXGroup;
			children = (
				9479AFC61AEBABA500090C9C /* AppDelegate.swift */,
				9479AFC81AEBABA500090C9C /* ViewController.swift */,
				9479AFCA1AEBABA500090C9C /* Main.storyboard */,
				9479AFCD1AEBABA500090C9C /* Images.xcassets */,
				9479AFCF1AEBABA500090C9C /* LaunchScreen.xib */,
				9479AFC41AEBABA500090C9C /* Supporting Files */,
			);
			path = "SobrKit Example App";
			sourceTree = "<group>";
		};
		9479AFC41AEBABA500090C9C /* Supporting Files */ = {
			isa = PBXGroup;
			children = (
				9479AFC51AEBABA500090C9C /* Info.plist */,
			);
			name = "Supporting Files";
			sourceTree = "<group>";
		};
		9479AFD91AEBABA500090C9C /* SobrKit Example AppTests */ = {
			isa = PBXGroup;
			children = (
				9479AFDC1AEBABA500090C9C /* SobrKit_Example_AppTests.swift */,
				9479AFDA1AEBABA500090C9C /* Supporting Files */,
			);
			path = "SobrKit Example AppTests";
			sourceTree = "<group>";
		};
		9479AFDA1AEBABA500090C9C /* Supporting Files */ = {
			isa = PBXGroup;
			children = (
				9479AFDB1AEBABA500090C9C /* Info.plist */,
			);
			name = "Supporting Files";
			sourceTree = "<group>";
		};
/* End PBXGroup section */

/* Begin PBXNativeTarget section */
		9479AFC01AEBABA500090C9C /* SobrKit Example App */ = {
			isa = PBXNativeTarget;
			buildConfigurationList = 9479AFE01AEBABA500090C9C /* Build configuration list for PBXNativeTarget "SobrKit Example App" */;
			buildPhases = (
				9479AFBD1AEBABA500090C9C /* Sources */,
				9479AFBE1AEBABA500090C9C /* Frameworks */,
				9479AFBF1AEBABA500090C9C /* Resources */,
			);
			buildRules = (
			);
			dependencies = (
			);
			name = "SobrKit Example App";
			productName = "SobrKit Example App";
			productReference = 9479AFC11AEBABA500090C9C /* SobrKit Example App.app */;
			productType = "com.apple.product-type.application";
		};
		9479AFD51AEBABA500090C9C /* SobrKit Example AppTests */ = {
			isa = PBXNativeTarget;
			buildConfigurationList = 9479AFE31AEBABA500090C9C /* Build configuration list for PBXNativeTarget "SobrKit Example AppTests" */;
			buildPhases = (
				9479AFD21AEBABA500090C9C /* Sources */,
				9479AFD31AEBABA500090C9C /* Frameworks */,
				9479AFD41AEBABA500090C9C /* Resources */,
			);
			buildRules = (
			);
			dependencies = (
				9479AFD81AEBABA500090C9C /* PBXTargetDependency */,
			);
			name = "SobrKit Example AppTests";
			productName = "SobrKit Example AppTests";
			productReference = 9479AFD61AEBABA500090C9C /* SobrKit Example AppTests.xctest */;
			productType = "com.apple.product-type.bundle.unit-test";
		};
/* End PBXNativeTarget section */

/* Begin PBXProject section */
		9479AFB91AEBABA500090C9C /* Project object */ = {
			isa = PBXProject;
			attributes = {
				LastUpgradeCheck = 0630;
				ORGANIZATIONNAME = katun.ch;
				TargetAttributes = {
					9479AFC01AEBABA500090C9C = {
						CreatedOnToolsVersion = 6.3.1;
					};
					9479AFD51AEBABA500090C9C = {
						CreatedOnToolsVersion = 6.3.1;
						TestTargetID = 9479AFC01AEBABA500090C9C;
					};
				};
			};
			buildConfigurationList = 9479AFBC1AEBABA500090C9C /* Build configuration list for PBXProject "SobrKit Example App" */;
			compatibilityVersion = "Xcode 3.2";
			developmentRegion = English;
			hasScannedForEncodings = 0;
			knownRegions = (
				en,
				Base,
			);
			mainGroup = 9479AFB81AEBABA500090C9C;
			productRefGroup = 9479AFC21AEBABA500090C9C /* Products */;
			projectDirPath = "";
			projectRoot = "";
			targets = (
				9479AFC01AEBABA500090C9C /* SobrKit Example App */,
				9479AFD51AEBABA500090C9C /* SobrKit Example AppTests */,
			);
		};
/* End PBXProject section */

/* Begin PBXResourcesBuildPhase section */
		9479AFBF1AEBABA500090C9C /* Resources */ = {
			isa = PBXResourcesBuildPhase;
			buildActionMask = 2147483647;
			files = (
				9479AFCC1AEBABA500090C9C /* Main.storyboard in Resources */,
				9479AFD11AEBABA500090C9C /* LaunchScreen.xib in Resources */,
				9479AFCE1AEBABA500090C9C /* Images.xcassets in Resources */,
			);
			runOnlyForDeploymentPostprocessing = 0;
		};
		9479AFD41AEBABA500090C9C /* Resources */ = {
			isa = PBXResourcesBuildPhase;
			buildActionMask = 2147483647;
			files = (
			);
			runOnlyForDeploymentPostprocessing = 0;
		};
/* End PBXResourcesBuildPhase section */

/* Begin PBXSourcesBuildPhase section */
		9479AFBD1AEBABA500090C9C /* Sources */ = {
			isa = PBXSourcesBuildPhase;
			buildActionMask = 2147483647;
			files = (
				9479AFC91AEBABA500090C9C /* ViewController.swift in Sources */,
				9479AFC71AEBABA500090C9C /* AppDelegate.swift in Sources */,
			);
			runOnlyForDeploymentPostprocessing = 0;
		};
		9479AFD21AEBABA500090C9C /* Sources */ = {
			isa = PBXSourcesBuildPhase;
			buildActionMask = 2147483647;
			files = (
				9479AFDD1AEBABA500090C9C /* SobrKit_Example_AppTests.swift in Sources */,
			);
			runOnlyForDeploymentPostprocessing = 0;
		};
/* End PBXSourcesBuildPhase section */

/* Begin PBXTargetDependency section */
		9479AFD81AEBABA500090C9C /* PBXTargetDependency */ = {
			isa = PBXTargetDependency;
			target = 9479AFC01AEBABA500090C9C /* SobrKit Example App */;
			targetProxy = 9479AFD71AEBABA500090C9C /* PBXContainerItemProxy */;
		};
/* End PBXTargetDependency section */

/* Begin PBXVariantGroup section */
		9479AFCA1AEBABA500090C9C /* Main.storyboard */ = {
			isa = PBXVariantGroup;
			children = (
				9479AFCB1AEBABA500090C9C /* Base */,
			);
			name = Main.storyboard;
			sourceTree = "<group>";
		};
		9479AFCF1AEBABA500090C9C /* LaunchScreen.xib */ = {
			isa = PBXVariantGroup;
			children = (
				9479AFD01AEBABA500090C9C /* Base */,
			);
			name = LaunchScreen.xib;
			sourceTree = "<group>";
		};
/* End PBXVariantGroup section */

/* Begin XCBuildConfiguration section */
		9479AFDE1AEBABA500090C9C /* Debug */ = {
			isa = XCBuildConfiguration;
			buildSettings = {
				ALWAYS_SEARCH_USER_PATHS = NO;
				CLANG_CXX_LANGUAGE_STANDARD = "gnu++0x";
				CLANG_CXX_LIBRARY = "libc++";
				CLANG_ENABLE_MODULES = YES;
				CLANG_ENABLE_OBJC_ARC = YES;
				CLANG_WARN_BOOL_CONVERSION = YES;
				CLANG_WARN_CONSTANT_CONVERSION = YES;
				CLANG_WARN_DIRECT_OBJC_ISA_USAGE = YES_ERROR;
				CLANG_WARN_EMPTY_BODY = YES;
				CLANG_WARN_ENUM_CONVERSION = YES;
				CLANG_WARN_INT_CONVERSION = YES;
				CLANG_WARN_OBJC_ROOT_CLASS = YES_ERROR;
				CLANG_WARN_UNREACHABLE_CODE = YES;
				CLANG_WARN__DUPLICATE_METHOD_MATCH = YES;
				"CODE_SIGN_IDENTITY[sdk=iphoneos*]" = "iPhone Developer";
				COPY_PHASE_STRIP = NO;
				DEBUG_INFORMATION_FORMAT = "dwarf-with-dsym";
				ENABLE_STRICT_OBJC_MSGSEND = YES;
				GCC_C_LANGUAGE_STANDARD = gnu99;
				GCC_DYNAMIC_NO_PIC = NO;
				GCC_NO_COMMON_BLOCKS = YES;
				GCC_OPTIMIZATION_LEVEL = 0;
				GCC_PREPROCESSOR_DEFINITIONS = (
					"DEBUG=1",
					"$(inherited)",
				);
				GCC_SYMBOLS_PRIVATE_EXTERN = NO;
				GCC_WARN_64_TO_32_BIT_CONVERSION = YES;
				GCC_WARN_ABOUT_RETURN_TYPE = YES_ERROR;
				GCC_WARN_UNDECLARED_SELECTOR = YES;
				GCC_WARN_UNINITIALIZED_AUTOS = YES_AGGRESSIVE;
				GCC_WARN_UNUSED_FUNCTION = YES;
				GCC_WARN_UNUSED_VARIABLE = YES;
				IPHONEOS_DEPLOYMENT_TARGET = 8.3;
				MTL_ENABLE_DEBUG_INFO = YES;
				ONLY_ACTIVE_ARCH = YES;
				SDKROOT = iphoneos;
				SWIFT_OPTIMIZATION_LEVEL = "-Onone";
			};
			name = Debug;
		};
		9479AFDF1AEBABA500090C9C /* Release */ = {
			isa = XCBuildConfiguration;
			buildSettings = {
				ALWAYS_SEARCH_USER_PATHS = NO;
				CLANG_CXX_LANGUAGE_STANDARD = "gnu++0x";
				CLANG_CXX_LIBRARY = "libc++";
				CLANG_ENABLE_MODULES = YES;
				CLANG_ENABLE_OBJC_ARC = YES;
				CLANG_WARN_BOOL_CONVERSION = YES;
				CLANG_WARN_CONSTANT_CONVERSION = YES;
				CLANG_WARN_DIRECT_OBJC_ISA_USAGE = YES_ERROR;
				CLANG_WARN_EMPTY_BODY = YES;
				CLANG_WARN_ENUM_CONVERSION = YES;
				CLANG_WARN_INT_CONVERSION = YES;
				CLANG_WARN_OBJC_ROOT_CLASS = YES_ERROR;
				CLANG_WARN_UNREACHABLE_CODE = YES;
				CLANG_WARN__DUPLICATE_METHOD_MATCH = YES;
				"CODE_SIGN_IDENTITY[sdk=iphoneos*]" = "iPhone Developer";
				COPY_PHASE_STRIP = NO;
				DEBUG_INFORMATION_FORMAT = "dwarf-with-dsym";
				ENABLE_NS_ASSERTIONS = NO;
				ENABLE_STRICT_OBJC_MSGSEND = YES;
				GCC_C_LANGUAGE_STANDARD = gnu99;
				GCC_NO_COMMON_BLOCKS = YES;
				GCC_WARN_64_TO_32_BIT_CONVERSION = YES;
				GCC_WARN_ABOUT_RETURN_TYPE = YES_ERROR;
				GCC_WARN_UNDECLARED_SELECTOR = YES;
				GCC_WARN_UNINITIALIZED_AUTOS = YES_AGGRESSIVE;
				GCC_WARN_UNUSED_FUNCTION = YES;
				GCC_WARN_UNUSED_VARIABLE = YES;
				IPHONEOS_DEPLOYMENT_TARGET = 8.3;
				MTL_ENABLE_DEBUG_INFO = NO;
				SDKROOT = iphoneos;
				VALIDATE_PRODUCT = YES;
			};
			name = Release;
		};
		9479AFE11AEBABA500090C9C /* Debug */ = {
			isa = XCBuildConfiguration;
			buildSettings = {
				ASSETCATALOG_COMPILER_APPICON_NAME = AppIcon;
				INFOPLIST_FILE = "SobrKit Example App/Info.plist";
				LD_RUNPATH_SEARCH_PATHS = "$(inherited) @executable_path/Frameworks";
				PRODUCT_NAME = "$(TARGET_NAME)";
			};
			name = Debug;
		};
		9479AFE21AEBABA500090C9C /* Release */ = {
			isa = XCBuildConfiguration;
			buildSettings = {
				ASSETCATALOG_COMPILER_APPICON_NAME = AppIcon;
				INFOPLIST_FILE = "SobrKit Example App/Info.plist";
				LD_RUNPATH_SEARCH_PATHS = "$(inherited) @executable_path/Frameworks";
				PRODUCT_NAME = "$(TARGET_NAME)";
			};
			name = Release;
		};
		9479AFE41AEBABA500090C9C /* Debug */ = {
			isa = XCBuildConfiguration;
			buildSettings = {
				BUNDLE_LOADER = "$(TEST_HOST)";
				FRAMEWORK_SEARCH_PATHS = (
					"$(SDKROOT)/Developer/Library/Frameworks",
					"$(inherited)",
				);
				GCC_PREPROCESSOR_DEFINITIONS = (
					"DEBUG=1",
					"$(inherited)",
				);
				INFOPLIST_FILE = "SobrKit Example AppTests/Info.plist";
				LD_RUNPATH_SEARCH_PATHS = "$(inherited) @executable_path/Frameworks @loader_path/Frameworks";
				PRODUCT_NAME = "$(TARGET_NAME)";
				TEST_HOST = "$(BUILT_PRODUCTS_DIR)/SobrKit Example App.app/SobrKit Example App";
			};
			name = Debug;
		};
		9479AFE51AEBABA500090C9C /* Release */ = {
			isa = XCBuildConfiguration;
			buildSettings = {
				BUNDLE_LOADER = "$(TEST_HOST)";
				FRAMEWORK_SEARCH_PATHS = (
					"$(SDKROOT)/Developer/Library/Frameworks",
					"$(inherited)",
				);
				INFOPLIST_FILE = "SobrKit Example AppTests/Info.plist";
				LD_RUNPATH_SEARCH_PATHS = "$(inherited) @executable_path/Frameworks @loader_path/Frameworks";
				PRODUCT_NAME = "$(TARGET_NAME)";
				TEST_HOST = "$(BUILT_PRODUCTS_DIR)/SobrKit Example App.app/SobrKit Example App";
			};
			name = Release;
		};
/* End XCBuildConfiguration section */

/* Begin XCConfigurationList section */
		9479AFBC1AEBABA500090C9C /* Build configuration list for PBXProject "SobrKit Example App" */ = {
			isa = XCConfigurationList;
			buildConfigurations = (
				9479AFDE1AEBABA500090C9C /* Debug */,
				9479AFDF1AEBABA500090C9C /* Release */,
			);
			defaultConfigurationIsVisible = 0;
			defaultConfigurationName = Release;
		};
		9479AFE01AEBABA500090C9C /* Build configuration list for PBXNativeTarget "SobrKit Example App" */ = {
			isa = XCConfigurationList;
			buildConfigurations = (
				9479AFE11AEBABA500090C9C /* Debug */,
				9479AFE21AEBABA500090C9C /* Release */,
			);
			defaultConfigurationIsVisible = 0;
		};
		9479AFE31AEBABA500090C9C /* Build configuration list for PBXNativeTarget "SobrKit Example AppTests" */ = {
			isa = XCConfigurationList;
			buildConfigurations = (
				9479AFE41AEBABA500090C9C /* Debug */,
				9479AFE51AEBABA500090C9C /* Release */,
			);
			defaultConfigurationIsVisible = 0;
		};
/* End XCConfigurationList section */
	};
	rootObject = 9479AFB91AEBABA500090C9C /* Project object */;
}
